
Microsoft Visual Studio Solution File, Format Version 12.00
# Visual Studio Version 17
VisualStudioVersion = 17.2.32616.157
MinimumVisualStudioVersion = 10.0.40219.1
Project("{FAE04EC0-301F-11D3-BF4B-00C04F79EFBC}") = "Book.Api", "Book.Api\Book.Api.csproj", "{A1AFFA25-23B2-43B2-9C85-0E8CAACBC7B3}"
EndProject
Project("{FAE04EC0-301F-11D3-BF4B-00C04F79EFBC}") = "Book.DataAccess", "Book.DataAccess\Book.DataAccess.csproj", "{53378896-BFE1-44BA-8445-0EF8DE78B69E}"
EndProject
Project("{FAE04EC0-301F-11D3-BF4B-00C04F79EFBC}") = "Book.Test", "Book.Test\Book.Test.csproj", "{280EC3CD-6677-460C-8047-88005302934F}"
EndProject
Project("{FAE04EC0-301F-11D3-BF4B-00C04F79EFBC}") = "Api.Gateway", "Api.Gateway\Api.Gateway.csproj", "{23A41082-4FFC-4600-A1BA-20A9F82FAA10}"
EndProject
Global
	GlobalSection(SolutionConfigurationPlatforms) = preSolution
		Debug|Any CPU = Debug|Any CPU
		Release|Any CPU = Release|Any CPU
	EndGlobalSection
	GlobalSection(ProjectConfigurationPlatforms) = postSolution
		{A1AFFA25-23B2-43B2-9C85-0E8CAACBC7B3}.Debug|Any CPU.ActiveCfg = Debug|Any CPU
		{A1AFFA25-23B2-43B2-9C85-0E8CAACBC7B3}.Debug|Any CPU.Build.0 = Debug|Any CPU
		{A1AFFA25-23B2-43B2-9C85-0E8CAACBC7B3}.Release|Any CPU.ActiveCfg = Release|Any CPU
		{A1AFFA25-23B2-43B2-9C85-0E8CAACBC7B3}.Release|Any CPU.Build.0 = Release|Any CPU
		{53378896-BFE1-44BA-8445-0EF8DE78B69E}.Debug|Any CPU.ActiveCfg = Debug|Any CPU
		{53378896-BFE1-44BA-8445-0EF8DE78B69E}.Debug|Any CPU.Build.0 = Debug|Any CPU
		{53378896-BFE1-44BA-8445-0EF8DE78B69E}.Release|Any CPU.ActiveCfg = Release|Any CPU
		{53378896-BFE1-44BA-8445-0EF8DE78B69E}.Release|Any CPU.Build.0 = Release|Any CPU
		{280EC3CD-6677-460C-8047-88005302934F}.Debug|Any CPU.ActiveCfg = Debug|Any CPU
		{280EC3CD-6677-460C-8047-88005302934F}.Debug|Any CPU.Build.0 = Debug|Any CPU
		{280EC3CD-6677-460C-8047-88005302934F}.Release|Any CPU.ActiveCfg = Release|Any CPU
		{280EC3CD-6677-460C-8047-88005302934F}.Release|Any CPU.Build.0 = Release|Any CPU
		{23A41082-4FFC-4600-A1BA-20A9F82FAA10}.Debug|Any CPU.ActiveCfg = Debug|Any CPU
		{23A41082-4FFC-4600-A1BA-20A9F82FAA10}.Debug|Any CPU.Build.0 = Debug|Any CPU
		{23A41082-4FFC-4600-A1BA-20A9F82FAA10}.Release|Any CPU.ActiveCfg = Release|Any CPU
		{23A41082-4FFC-4600-A1BA-20A9F82FAA10}.Release|Any CPU.Build.0 = Release|Any CPU
	EndGlobalSection
	GlobalSection(SolutionProperties) = preSolution
		HideSolutionNode = FALSE
	EndGlobalSection
	GlobalSection(ExtensibilityGlobals) = postSolution
		SolutionGuid = {5CAF248E-8FCB-4822-8183-38917BCB20D3}
	EndGlobalSection
EndGlobal
